
Microsoft Visual Studio Solution File, Format Version 12.00
# Visual Studio Version 17
VisualStudioVersion = 17.4.33213.308
MinimumVisualStudioVersion = 10.0.40219.1
Project("{FAE04EC0-301F-11D3-BF4B-00C04F79EFBC}") = "zoo porn", "zoo porn\zoo porn.csproj", "{A7502535-7076-41AF-AD3C-5ECC229555D8}"
EndProject
Global
	GlobalSection(SolutionConfigurationPlatforms) = preSolution
		Debug|Any CPU = Debug|Any CPU
		Release|Any CPU = Release|Any CPU
	EndGlobalSection
	GlobalSection(ProjectConfigurationPlatforms) = postSolution
		{A7502535-7076-41AF-AD3C-5ECC229555D8}.Debug|Any CPU.ActiveCfg = Debug|Any CPU
		{A7502535-7076-41AF-AD3C-5ECC229555D8}.Debug|Any CPU.Build.0 = Debug|Any CPU
		{A7502535-7076-41AF-AD3C-5ECC229555D8}.Release|Any CPU.ActiveCfg = Release|Any CPU
		{A7502535-7076-41AF-AD3C-5ECC229555D8}.Release|Any CPU.Build.0 = Release|Any CPU
	EndGlobalSection
	GlobalSection(SolutionProperties) = preSolution
		HideSolutionNode = FALSE
	EndGlobalSection
	GlobalSection(ExtensibilityGlobals) = postSolution
		SolutionGuid = {0163E03E-ED42-4847-B4AB-ADBFAC35700F}
	EndGlobalSection
EndGlobal
